
Microsoft Visual Studio Solution File, Format Version 12.00
# Visual Studio Version 17
VisualStudioVersion = 17.3.32901.215
MinimumVisualStudioVersion = 10.0.40219.1
Project("{FAE04EC0-301F-11D3-BF4B-00C04F79EFBC}") = "Voca-Voca", "Voca-Voca\Voca-Voca.csproj", "{1A278008-5A52-4C44-8B81-FD3C1A3C6E4B}"
EndProject
Project("{54435603-DBB4-11D2-8724-00A0C9A8B90C}") = "Voca-Voca v.1.0.0.0 Setup", "Voca-Voca v.1.0.0.0 Setup\Voca-Voca v.1.0.0.0 Setup.vdproj", "{024AE081-C642-4AB6-8527-90A8ACEAD2B1}"
EndProject
Project("{54435603-DBB4-11D2-8724-00A0C9A8B90C}") = "Update Voca-Voca v.1.0.0.1 Setup", "Update Voca-Voca v.1.0.0.1 Setup\Update Voca-Voca v.1.0.0.1 Setup.vdproj", "{84C3B3AF-FF17-41F5-965F-FDBEDAA14B64}"
EndProject
Project("{54435603-DBB4-11D2-8724-00A0C9A8B90C}") = "Update Voca-Voca v.1.0.0.2 Setup", "Update Voca-Voca v.1.0.0.2 Setup\Update Voca-Voca v.1.0.0.2 Setup.vdproj", "{999DE515-D33B-4E1E-8A27-806BACC3228A}"
EndProject
Project("{54435603-DBB4-11D2-8724-00A0C9A8B90C}") = "Update Voca-Voca v.1.0.0.3 Setup", "Update Voca-Voca v.1.0.0.3 Setup\Update Voca-Voca v.1.0.0.3 Setup.vdproj", "{30E2AE5D-28F5-47FE-B5C0-A2B39E1698B1}"
EndProject
Project("{54435603-DBB4-11D2-8724-00A0C9A8B90C}") = "Update Voca-Voca v.1.0.0.4 Setup", "Update Voca-Voca v.1.0.0.4 Setup\Update Voca-Voca v.1.0.0.4 Setup.vdproj", "{C1AAB6FC-7D19-4163-AC9D-4D7FE7355D23}"
EndProject
Global
	GlobalSection(SolutionConfigurationPlatforms) = preSolution
		Debug|Any CPU = Debug|Any CPU
		Release|Any CPU = Release|Any CPU
	EndGlobalSection
	GlobalSection(ProjectConfigurationPlatforms) = postSolution
		{1A278008-5A52-4C44-8B81-FD3C1A3C6E4B}.Debug|Any CPU.ActiveCfg = Debug|Any CPU
		{1A278008-5A52-4C44-8B81-FD3C1A3C6E4B}.Debug|Any CPU.Build.0 = Debug|Any CPU
		{1A278008-5A52-4C44-8B81-FD3C1A3C6E4B}.Release|Any CPU.ActiveCfg = Release|Any CPU
		{1A278008-5A52-4C44-8B81-FD3C1A3C6E4B}.Release|Any CPU.Build.0 = Release|Any CPU
		{024AE081-C642-4AB6-8527-90A8ACEAD2B1}.Debug|Any CPU.ActiveCfg = Debug
		{024AE081-C642-4AB6-8527-90A8ACEAD2B1}.Release|Any CPU.ActiveCfg = Release
		{84C3B3AF-FF17-41F5-965F-FDBEDAA14B64}.Debug|Any CPU.ActiveCfg = Debug
		{84C3B3AF-FF17-41F5-965F-FDBEDAA14B64}.Release|Any CPU.ActiveCfg = Release
		{999DE515-D33B-4E1E-8A27-806BACC3228A}.Debug|Any CPU.ActiveCfg = Debug
		{999DE515-D33B-4E1E-8A27-806BACC3228A}.Release|Any CPU.ActiveCfg = Release
		{30E2AE5D-28F5-47FE-B5C0-A2B39E1698B1}.Debug|Any CPU.ActiveCfg = Debug
		{30E2AE5D-28F5-47FE-B5C0-A2B39E1698B1}.Release|Any CPU.ActiveCfg = Release
		{C1AAB6FC-7D19-4163-AC9D-4D7FE7355D23}.Debug|Any CPU.ActiveCfg = Debug
		{C1AAB6FC-7D19-4163-AC9D-4D7FE7355D23}.Release|Any CPU.ActiveCfg = Release
	EndGlobalSection
	GlobalSection(SolutionProperties) = preSolution
		HideSolutionNode = FALSE
	EndGlobalSection
	GlobalSection(ExtensibilityGlobals) = postSolution
		SolutionGuid = {DB77F5D9-DA5C-40F4-B44D-7051C50A78A2}
	EndGlobalSection
EndGlobal
